
Microsoft Visual Studio Solution File, Format Version 12.00
# Visual Studio Version 16
VisualStudioVersion = 16.0.30717.126
MinimumVisualStudioVersion = 10.0.40219.1
Project("{FAE04EC0-301F-11D3-BF4B-00C04F79EFBC}") = "WebApplicationIntro", "WebApplicationIntro\WebApplicationIntro.csproj", "{1AFC2601-BFCC-46A5-89D5-4BF2603702D2}"
EndProject
Global
	GlobalSection(SolutionConfigurationPlatforms) = preSolution
		Debug|Any CPU = Debug|Any CPU
		Release|Any CPU = Release|Any CPU
	EndGlobalSection
	GlobalSection(ProjectConfigurationPlatforms) = postSolution
		{1AFC2601-BFCC-46A5-89D5-4BF2603702D2}.Debug|Any CPU.ActiveCfg = Debug|Any CPU
		{1AFC2601-BFCC-46A5-89D5-4BF2603702D2}.Debug|Any CPU.Build.0 = Debug|Any CPU
		{1AFC2601-BFCC-46A5-89D5-4BF2603702D2}.Release|Any CPU.ActiveCfg = Release|Any CPU
		{1AFC2601-BFCC-46A5-89D5-4BF2603702D2}.Release|Any CPU.Build.0 = Release|Any CPU
	EndGlobalSection
	GlobalSection(SolutionProperties) = preSolution
		HideSolutionNode = FALSE
	EndGlobalSection
	GlobalSection(ExtensibilityGlobals) = postSolution
		SolutionGuid = {84C0B0E2-53DC-418C-A9B3-34B8BEEDC361}
	EndGlobalSection
EndGlobal
